// !$*UTF8*$!
{
	archiveVersion = 1;
	classes = {
	};
	objectVersion = 56;
	objects = {

/* Begin PBXBuildFile section */
		0761E44A29BE27B8005A9FA1 /* AppDelegate.swift in Sources */ = {isa = PBXBuildFile; fileRef = 0761E44929BE27B8005A9FA1 /* AppDelegate.swift */; };
		0761E44C29BE27B8005A9FA1 /* SceneDelegate.swift in Sources */ = {isa = PBXBuildFile; fileRef = 0761E44B29BE27B8005A9FA1 /* SceneDelegate.swift */; };
		0761E45129BE27B8005A9FA1 /* Main.storyboard in Resources */ = {isa = PBXBuildFile; fileRef = 0761E44F29BE27B8005A9FA1 /* Main.storyboard */; };
		0761E45329BE27B9005A9FA1 /* Assets.xcassets in Resources */ = {isa = PBXBuildFile; fileRef = 0761E45229BE27B9005A9FA1 /* Assets.xcassets */; };
		0761E45629BE27B9005A9FA1 /* LaunchScreen.storyboard in Resources */ = {isa = PBXBuildFile; fileRef = 0761E45429BE27B9005A9FA1 /* LaunchScreen.storyboard */; };
		0761E45E29BE2805005A9FA1 /* TrackerTableViewController.swift in Sources */ = {isa = PBXBuildFile; fileRef = 0761E45D29BE2805005A9FA1 /* TrackerTableViewController.swift */; };
		0761E46029BE2B86005A9FA1 /* WalletModel.swift in Sources */ = {isa = PBXBuildFile; fileRef = 0761E45F29BE2B86005A9FA1 /* WalletModel.swift */; };
		07B0396C29C22587007FA33F /* TrackerTableViewCell.swift in Sources */ = {isa = PBXBuildFile; fileRef = 07B0396B29C22587007FA33F /* TrackerTableViewCell.swift */; };
		07B0396E29C227B1007FA33F /* HexToUIColor.swift in Sources */ = {isa = PBXBuildFile; fileRef = 07B0396D29C227B1007FA33F /* HexToUIColor.swift */; };
/* End PBXBuildFile section */

/* Begin PBXFileReference section */
		0761E44629BE27B8005A9FA1 /* NFT Tracker.app */ = {isa = PBXFileReference; explicitFileType = wrapper.application; includeInIndex = 0; path = "NFT Tracker.app"; sourceTree = BUILT_PRODUCTS_DIR; };
		0761E44929BE27B8005A9FA1 /* AppDelegate.swift */ = {isa = PBXFileReference; lastKnownFileType = sourcecode.swift; path = AppDelegate.swift; sourceTree = "<group>"; };
		0761E44B29BE27B8005A9FA1 /* SceneDelegate.swift */ = {isa = PBXFileReference; lastKnownFileType = sourcecode.swift; path = SceneDelegate.swift; sourceTree = "<group>"; };
		0761E45029BE27B8005A9FA1 /* Base */ = {isa = PBXFileReference; lastKnownFileType = file.storyboard; name = Base; path = Base.lproj/Main.storyboard; sourceTree = "<group>"; };
		0761E45229BE27B9005A9FA1 /* Assets.xcassets */ = {isa = PBXFileReference; lastKnownFileType = folder.assetcatalog; path = Assets.xcassets; sourceTree = "<group>"; };
		0761E45529BE27B9005A9FA1 /* Base */ = {isa = PBXFileReference; lastKnownFileType = file.storyboard; name = Base; path = Base.lproj/LaunchScreen.storyboard; sourceTree = "<group>"; };
		0761E45729BE27B9005A9FA1 /* Info.plist */ = {isa = PBXFileReference; lastKnownFileType = text.plist.xml; path = Info.plist; sourceTree = "<group>"; };
		0761E45D29BE2805005A9FA1 /* TrackerTableViewController.swift */ = {isa = PBXFileReference; lastKnownFileType = sourcecode.swift; path = TrackerTableViewController.swift; sourceTree = "<group>"; };
		0761E45F29BE2B86005A9FA1 /* WalletModel.swift */ = {isa = PBXFileReference; lastKnownFileType = sourcecode.swift; path = WalletModel.swift; sourceTree = "<group>"; };
		07B0396B29C22587007FA33F /* TrackerTableViewCell.swift */ = {isa = PBXFileReference; lastKnownFileType = sourcecode.swift; path = TrackerTableViewCell.swift; sourceTree = "<group>"; };
		07B0396D29C227B1007FA33F /* HexToUIColor.swift */ = {isa = PBXFileReference; lastKnownFileType = sourcecode.swift; path = HexToUIColor.swift; sourceTree = "<group>"; };
/* End PBXFileReference section */

/* Begin PBXFrameworksBuildPhase section */
		0761E44329BE27B8005A9FA1 /* Frameworks */ = {
			isa = PBXFrameworksBuildPhase;
			buildActionMask = 2147483647;
			files = (
			);
			runOnlyForDeploymentPostprocessing = 0;
		};
/* End PBXFrameworksBuildPhase section */

/* Begin PBXGroup section */
		0761E43D29BE27B8005A9FA1 = {
			isa = PBXGroup;
			children = (
				0761E44829BE27B8005A9FA1 /* NFT Tracker */,
				0761E44729BE27B8005A9FA1 /* Products */,
			);
			sourceTree = "<group>";
		};
		0761E44729BE27B8005A9FA1 /* Products */ = {
			isa = PBXGroup;
			children = (
				0761E44629BE27B8005A9FA1 /* NFT Tracker.app */,
			);
			name = Products;
			sourceTree = "<group>";
		};
		0761E44829BE27B8005A9FA1 /* NFT Tracker */ = {
			isa = PBXGroup;
			children = (
				0761E44929BE27B8005A9FA1 /* AppDelegate.swift */,
				0761E44B29BE27B8005A9FA1 /* SceneDelegate.swift */,
				0761E44F29BE27B8005A9FA1 /* Main.storyboard */,
				0761E45F29BE2B86005A9FA1 /* WalletModel.swift */,
				0761E45D29BE2805005A9FA1 /* TrackerTableViewController.swift */,
				07B0396D29C227B1007FA33F /* HexToUIColor.swift */,
				07B0396B29C22587007FA33F /* TrackerTableViewCell.swift */,
				0761E45229BE27B9005A9FA1 /* Assets.xcassets */,
				0761E45429BE27B9005A9FA1 /* LaunchScreen.storyboard */,
				0761E45729BE27B9005A9FA1 /* Info.plist */,
			);
			path = "NFT Tracker";
			sourceTree = "<group>";
		};
/* End PBXGroup section */

/* Begin PBXNativeTarget section */
		0761E44529BE27B8005A9FA1 /* NFT Tracker */ = {
			isa = PBXNativeTarget;
			buildConfigurationList = 0761E45A29BE27B9005A9FA1 /* Build configuration list for PBXNativeTarget "NFT Tracker" */;
			buildPhases = (
				0761E44229BE27B8005A9FA1 /* Sources */,
				0761E44329BE27B8005A9FA1 /* Frameworks */,
				0761E44429BE27B8005A9FA1 /* Resources */,
			);
			buildRules = (
			);
			dependencies = (
			);
			name = "NFT Tracker";
			productName = "NFT Tracker";
			productReference = 0761E44629BE27B8005A9FA1 /* NFT Tracker.app */;
			productType = "com.apple.product-type.application";
		};
/* End PBXNativeTarget section */

/* Begin PBXProject section */
		0761E43E29BE27B8005A9FA1 /* Project object */ = {
			isa = PBXProject;
			attributes = {
				BuildIndependentTargetsInParallel = 1;
				LastSwiftUpdateCheck = 1420;
				LastUpgradeCheck = 1420;
				TargetAttributes = {
					0761E44529BE27B8005A9FA1 = {
						CreatedOnToolsVersion = 14.2;
					};
				};
			};
			buildConfigurationList = 0761E44129BE27B8005A9FA1 /* Build configuration list for PBXProject "NFT Tracker" */;
			compatibilityVersion = "Xcode 14.0";
			developmentRegion = en;
			hasScannedForEncodings = 0;
			knownRegions = (
				en,
				Base,
			);
			mainGroup = 0761E43D29BE27B8005A9FA1;
			productRefGroup = 0761E44729BE27B8005A9FA1 /* Products */;
			projectDirPath = "";
			projectRoot = "";
			targets = (
				0761E44529BE27B8005A9FA1 /* NFT Tracker */,
			);
		};
/* End PBXProject section */

/* Begin PBXResourcesBuildPhase section */
		0761E44429BE27B8005A9FA1 /* Resources */ = {
			isa = PBXResourcesBuildPhase;
			buildActionMask = 2147483647;
			files = (
				0761E45629BE27B9005A9FA1 /* LaunchScreen.storyboard in Resources */,
				0761E45329BE27B9005A9FA1 /* Assets.xcassets in Resources */,
				0761E45129BE27B8005A9FA1 /* Main.storyboard in Resources */,
			);
			runOnlyForDeploymentPostprocessing = 0;
		};
/* End PBXResourcesBuildPhase section */

/* Begin PBXSourcesBuildPhase section */
		0761E44229BE27B8005A9FA1 /* Sources */ = {
			isa = PBXSourcesBuildPhase;
			buildActionMask = 2147483647;
			files = (
				0761E45E29BE2805005A9FA1 /* TrackerTableViewController.swift in Sources */,
				07B0396E29C227B1007FA33F /* HexToUIColor.swift in Sources */,
				07B0396C29C22587007FA33F /* TrackerTableViewCell.swift in Sources */,
				0761E44A29BE27B8005A9FA1 /* AppDelegate.swift in Sources */,
				0761E46029BE2B86005A9FA1 /* WalletModel.swift in Sources */,
				0761E44C29BE27B8005A9FA1 /* SceneDelegate.swift in Sources */,
			);
			runOnlyForDeploymentPostprocessing = 0;
		};
/* End PBXSourcesBuildPhase section */

/* Begin PBXVariantGroup section */
		0761E44F29BE27B8005A9FA1 /* Main.storyboard */ = {
			isa = PBXVariantGroup;
			children = (
				0761E45029BE27B8005A9FA1 /* Base */,
			);
			name = Main.storyboard;
			sourceTree = "<group>";
		};
		0761E45429BE27B9005A9FA1 /* LaunchScreen.storyboard */ = {
			isa = PBXVariantGroup;
			children = (
				0761E45529BE27B9005A9FA1 /* Base */,
			);
			name = LaunchScreen.storyboard;
			sourceTree = "<group>";
		};
/* End PBXVariantGroup section */

/* Begin XCBuildConfiguration section */
		0761E45829BE27B9005A9FA1 /* Debug */ = {
			isa = XCBuildConfiguration;
			buildSettings = {
				ALWAYS_SEARCH_USER_PATHS = NO;
				CLANG_ANALYZER_NONNULL = YES;
				CLANG_ANALYZER_NUMBER_OBJECT_CONVERSION = YES_AGGRESSIVE;
				CLANG_CXX_LANGUAGE_STANDARD = "gnu++20";
				CLANG_ENABLE_MODULES = YES;
				CLANG_ENABLE_OBJC_ARC = YES;
				CLANG_ENABLE_OBJC_WEAK = YES;
				CLANG_WARN_BLOCK_CAPTURE_AUTORELEASING = YES;
				CLANG_WARN_BOOL_CONVERSION = YES;
				CLANG_WARN_COMMA = YES;
				CLANG_WARN_CONSTANT_CONVERSION = YES;
				CLANG_WARN_DEPRECATED_OBJC_IMPLEMENTATIONS = YES;
				CLANG_WARN_DIRECT_OBJC_ISA_USAGE = YES_ERROR;
				CLANG_WARN_DOCUMENTATION_COMMENTS = YES;
				CLANG_WARN_EMPTY_BODY = YES;
				CLANG_WARN_ENUM_CONVERSION = YES;
				CLANG_WARN_INFINITE_RECURSION = YES;
				CLANG_WARN_INT_CONVERSION = YES;
				CLANG_WARN_NON_LITERAL_NULL_CONVERSION = YES;
				CLANG_WARN_OBJC_IMPLICIT_RETAIN_SELF = YES;
				CLANG_WARN_OBJC_LITERAL_CONVERSION = YES;
				CLANG_WARN_OBJC_ROOT_CLASS = YES_ERROR;
				CLANG_WARN_QUOTED_INCLUDE_IN_FRAMEWORK_HEADER = YES;
				CLANG_WARN_RANGE_LOOP_ANALYSIS = YES;
				CLANG_WARN_STRICT_PROTOTYPES = YES;
				CLANG_WARN_SUSPICIOUS_MOVE = YES;
				CLANG_WARN_UNGUARDED_AVAILABILITY = YES_AGGRESSIVE;
				CLANG_WARN_UNREACHABLE_CODE = YES;
				CLANG_WARN__DUPLICATE_METHOD_MATCH = YES;
				COPY_PHASE_STRIP = NO;
				DEBUG_INFORMATION_FORMAT = dwarf;
				ENABLE_STRICT_OBJC_MSGSEND = YES;
				ENABLE_TESTABILITY = YES;
				GCC_C_LANGUAGE_STANDARD = gnu11;
				GCC_DYNAMIC_NO_PIC = NO;
				GCC_NO_COMMON_BLOCKS = YES;
				GCC_OPTIMIZATION_LEVEL = 0;
				GCC_PREPROCESSOR_DEFINITIONS = (
					"DEBUG=1",
					"$(inherited)",
				);
				GCC_WARN_64_TO_32_BIT_CONVERSION = YES;
				GCC_WARN_ABOUT_RETURN_TYPE = YES_ERROR;
				GCC_WARN_UNDECLARED_SELECTOR = YES;
				GCC_WARN_UNINITIALIZED_AUTOS = YES_AGGRESSIVE;
				GCC_WARN_UNUSED_FUNCTION = YES;
				GCC_WARN_UNUSED_VARIABLE = YES;
				IPHONEOS_DEPLOYMENT_TARGET = 16.2;
				MTL_ENABLE_DEBUG_INFO = INCLUDE_SOURCE;
				MTL_FAST_MATH = YES;
				ONLY_ACTIVE_ARCH = YES;
				SDKROOT = iphoneos;
				SWIFT_ACTIVE_COMPILATION_CONDITIONS = DEBUG;
				SWIFT_OPTIMIZATION_LEVEL = "-Onone";
			};
			name = Debug;
		};
		0761E45929BE27B9005A9FA1 /* Release */ = {
			isa = XCBuildConfiguration;
			buildSettings = {
				ALWAYS_SEARCH_USER_PATHS = NO;
				CLANG_ANALYZER_NONNULL = YES;
				CLANG_ANALYZER_NUMBER_OBJECT_CONVERSION = YES_AGGRESSIVE;
				CLANG_CXX_LANGUAGE_STANDARD = "gnu++20";
				CLANG_ENABLE_MODULES = YES;
				CLANG_ENABLE_OBJC_ARC = YES;
				CLANG_ENABLE_OBJC_WEAK = YES;
				CLANG_WARN_BLOCK_CAPTURE_AUTORELEASING = YES;
				CLANG_WARN_BOOL_CONVERSION = YES;
				CLANG_WARN_COMMA = YES;
				CLANG_WARN_CONSTANT_CONVERSION = YES;
				CLANG_WARN_DEPRECATED_OBJC_IMPLEMENTATIONS = YES;
				CLANG_WARN_DIRECT_OBJC_ISA_USAGE = YES_ERROR;
				CLANG_WARN_DOCUMENTATION_COMMENTS = YES;
				CLANG_WARN_EMPTY_BODY = YES;
				CLANG_WARN_ENUM_CONVERSION = YES;
				CLANG_WARN_INFINITE_RECURSION = YES;
				CLANG_WARN_INT_CONVERSION = YES;
				CLANG_WARN_NON_LITERAL_NULL_CONVERSION = YES;
				CLANG_WARN_OBJC_IMPLICIT_RETAIN_SELF = YES;
				CLANG_WARN_OBJC_LITERAL_CONVERSION = YES;
				CLANG_WARN_OBJC_ROOT_CLASS = YES_ERROR;
				CLANG_WARN_QUOTED_INCLUDE_IN_FRAMEWORK_HEADER = YES;
				CLANG_WARN_RANGE_LOOP_ANALYSIS = YES;
				CLANG_WARN_STRICT_PROTOTYPES = YES;
				CLANG_WARN_SUSPICIOUS_MOVE = YES;
				CLANG_WARN_UNGUARDED_AVAILABILITY = YES_AGGRESSIVE;
				CLANG_WARN_UNREACHABLE_CODE = YES;
				CLANG_WARN__DUPLICATE_METHOD_MATCH = YES;
				COPY_PHASE_STRIP = NO;
				DEBUG_INFORMATION_FORMAT = "dwarf-with-dsym";
				ENABLE_NS_ASSERTIONS = NO;
				ENABLE_STRICT_OBJC_MSGSEND = YES;
				GCC_C_LANGUAGE_STANDARD = gnu11;
				GCC_NO_COMMON_BLOCKS = YES;
				GCC_WARN_64_TO_32_BIT_CONVERSION = YES;
				GCC_WARN_ABOUT_RETURN_TYPE = YES_ERROR;
				GCC_WARN_UNDECLARED_SELECTOR = YES;
				GCC_WARN_UNINITIALIZED_AUTOS = YES_AGGRESSIVE;
				GCC_WARN_UNUSED_FUNCTION = YES;
				GCC_WARN_UNUSED_VARIABLE = YES;
				IPHONEOS_DEPLOYMENT_TARGET = 16.2;
				MTL_ENABLE_DEBUG_INFO = NO;
				MTL_FAST_MATH = YES;
				SDKROOT = iphoneos;
				SWIFT_COMPILATION_MODE = wholemodule;
				SWIFT_OPTIMIZATION_LEVEL = "-O";
				VALIDATE_PRODUCT = YES;
			};
			name = Release;
		};
		0761E45B29BE27B9005A9FA1 /* Debug */ = {
			isa = XCBuildConfiguration;
			buildSettings = {
				ASSETCATALOG_COMPILER_APPICON_NAME = AppIcon;
				ASSETCATALOG_COMPILER_GLOBAL_ACCENT_COLOR_NAME = AccentColor;
				CODE_SIGN_STYLE = Automatic;
				CURRENT_PROJECT_VERSION = 1;
				DEVELOPMENT_TEAM = SWCGQQGWMX;
				GENERATE_INFOPLIST_FILE = YES;
				INFOPLIST_FILE = "NFT Tracker/Info.plist";
				INFOPLIST_KEY_UIApplicationSupportsIndirectInputEvents = YES;
				INFOPLIST_KEY_UILaunchStoryboardName = LaunchScreen;
				INFOPLIST_KEY_UIMainStoryboardFile = Main;
				INFOPLIST_KEY_UIStatusBarStyle = "";
				INFOPLIST_KEY_UISupportedInterfaceOrientations = UIInterfaceOrientationPortrait;
				INFOPLIST_KEY_UISupportedInterfaceOrientations_iPad = "UIInterfaceOrientationLandscapeLeft UIInterfaceOrientationLandscapeRight UIInterfaceOrientationPortrait UIInterfaceOrientationPortraitUpsideDown";
				INFOPLIST_KEY_UIUserInterfaceStyle = Light;
				LD_RUNPATH_SEARCH_PATHS = (
					"$(inherited)",
					"@executable_path/Frameworks",
				);
				MARKETING_VERSION = 1.0;
				PRODUCT_BUNDLE_IDENTIFIER = "com.fomstep.NFT-Tracker";
				PRODUCT_NAME = "$(TARGET_NAME)";
				SUPPORTED_PLATFORMS = "iphoneos iphonesimulator";
				SUPPORTS_MACCATALYST = NO;
				SUPPORTS_MAC_DESIGNED_FOR_IPHONE_IPAD = NO;
				SWIFT_EMIT_LOC_STRINGS = YES;
				SWIFT_VERSION = 5.0;
				TARGETED_DEVICE_FAMILY = 1;
			};
			name = Debug;
		};
		0761E45C29BE27B9005A9FA1 /* Release */ = {
			isa = XCBuildConfiguration;
			buildSettings = {
				ASSETCATALOG_COMPILER_APPICON_NAME = AppIcon;
				ASSETCATALOG_COMPILER_GLOBAL_ACCENT_COLOR_NAME = AccentColor;
				CODE_SIGN_STYLE = Automatic;
				CURRENT_PROJECT_VERSION = 1;
				DEVELOPMENT_TEAM = SWCGQQGWMX;
				GENERATE_INFOPLIST_FILE = YES;
				INFOPLIST_FILE = "NFT Tracker/Info.plist";
				INFOPLIST_KEY_UIApplicationSupportsIndirectInputEvents = YES;
				INFOPLIST_KEY_UILaunchStoryboardName = LaunchScreen;
				INFOPLIST_KEY_UIMainStoryboardFile = Main;
				INFOPLIST_KEY_UIStatusBarStyle = "";
				INFOPLIST_KEY_UISupportedInterfaceOrientations = UIInterfaceOrientationPortrait;
				INFOPLIST_KEY_UISupportedInterfaceOrientations_iPad = "UIInterfaceOrientationLandscapeLeft UIInterfaceOrientationLandscapeRight UIInterfaceOrientationPortrait UIInterfaceOrientationPortraitUpsideDown";
				INFOPLIST_KEY_UIUserInterfaceStyle = Light;
				LD_RUNPATH_SEARCH_PATHS = (
					"$(inherited)",
					"@executable_path/Frameworks",
				);
				MARKETING_VERSION = 1.0;
				PRODUCT_BUNDLE_IDENTIFIER = "com.fomstep.NFT-Tracker";
				PRODUCT_NAME = "$(TARGET_NAME)";
				SUPPORTED_PLATFORMS = "iphoneos iphonesimulator";
				SUPPORTS_MACCATALYST = NO;
				SUPPORTS_MAC_DESIGNED_FOR_IPHONE_IPAD = NO;
				SWIFT_EMIT_LOC_STRINGS = YES;
				SWIFT_VERSION = 5.0;
				TARGETED_DEVICE_FAMILY = 1;
			};
			name = Release;
		};
/* End XCBuildConfiguration section */

/* Begin XCConfigurationList section */
		0761E44129BE27B8005A9FA1 /* Build configuration list for PBXProject "NFT Tracker" */ = {
			isa = XCConfigurationList;
			buildConfigurations = (
				0761E45829BE27B9005A9FA1 /* Debug */,
				0761E45929BE27B9005A9FA1 /* Release */,
			);
			defaultConfigurationIsVisible = 0;
			defaultConfigurationName = Release;
		};
		0761E45A29BE27B9005A9FA1 /* Build configuration list for PBXNativeTarget "NFT Tracker" */ = {
			isa = XCConfigurationList;
			buildConfigurations = (
				0761E45B29BE27B9005A9FA1 /* Debug */,
				0761E45C29BE27B9005A9FA1 /* Release */,
			);
			defaultConfigurationIsVisible = 0;
			defaultConfigurationName = Release;
		};
/* End XCConfigurationList section */
	};
	rootObject = 0761E43E29BE27B8005A9FA1 /* Project object */;
}
